{
  "object": {
    "pins": [
      {
        "package": "swift-argument-parser",
        "repositoryURL": "https://github.com/yonihemi/swift-argument-parser",
        "state": {
          "branch": "swiftwasm-support",
          "revision": "afc438495f413a465e59cebdf93db8dce22dce1c",
          "version": null
        }
      }
    ]
  },
  "version": 1
}
